
Microsoft Visual Studio Solution File, Format Version 12.00
# Visual Studio Version 17
VisualStudioVersion = 17.6.33829.357
MinimumVisualStudioVersion = 10.0.40219.1
Project("{FAE04EC0-301F-11D3-BF4B-00C04F79EFBC}") = "MeuPrimeiroAPI", "MeuPrimeiroAPI\MeuPrimeiroAPI.csproj", "{9B9341B8-4782-41C0-B175-DFEC842F50FF}"
EndProject
Global
	GlobalSection(SolutionConfigurationPlatforms) = preSolution
		Debug|Any CPU = Debug|Any CPU
		Release|Any CPU = Release|Any CPU
	EndGlobalSection
	GlobalSection(ProjectConfigurationPlatforms) = postSolution
		{9B9341B8-4782-41C0-B175-DFEC842F50FF}.Debug|Any CPU.ActiveCfg = Debug|Any CPU
		{9B9341B8-4782-41C0-B175-DFEC842F50FF}.Debug|Any CPU.Build.0 = Debug|Any CPU
		{9B9341B8-4782-41C0-B175-DFEC842F50FF}.Release|Any CPU.ActiveCfg = Release|Any CPU
		{9B9341B8-4782-41C0-B175-DFEC842F50FF}.Release|Any CPU.Build.0 = Release|Any CPU
	EndGlobalSection
	GlobalSection(SolutionProperties) = preSolution
		HideSolutionNode = FALSE
	EndGlobalSection
	GlobalSection(ExtensibilityGlobals) = postSolution
		SolutionGuid = {6E93E803-9530-4A51-B3BA-4C697419A84A}
	EndGlobalSection
EndGlobal
